{
  "name": "test-my-package",
  "version": "1.0.0",
  "lockfileVersion": 1,
  "requires": true,
  "dependencies": {
    "simple-add-function": {
      "version": "1.0.0",
      "resolved": "https://registry.npmjs.org/simple-add-function/-/simple-add-function-1.0.0.tgz",
      "integrity": "sha512-PVCgNA4KSNvaC4+y7McBozMwsHYs/phwSx3vTftYFx1usm2+reGFUR7GjBGVr4XXDc723A9kcAX3ej9ynCxJmg=="
    }
  }
}
